
Microsoft Visual Studio Solution File, Format Version 12.00
# Visual Studio Version 17
VisualStudioVersion = 17.9.34622.214
MinimumVisualStudioVersion = 10.0.40219.1
Project("{FAE04EC0-301F-11D3-BF4B-00C04F79EFBC}") = "MusicCircle", "MusicCircle.csproj", "{4C466E9D-5051-43FA-B2EF-99C1F9A0941B}"
EndProject
Global
	GlobalSection(SolutionConfigurationPlatforms) = preSolution
		Debug|Any CPU = Debug|Any CPU
		Release|Any CPU = Release|Any CPU
	EndGlobalSection
	GlobalSection(ProjectConfigurationPlatforms) = postSolution
		{4C466E9D-5051-43FA-B2EF-99C1F9A0941B}.Debug|Any CPU.ActiveCfg = Debug|Any CPU
		{4C466E9D-5051-43FA-B2EF-99C1F9A0941B}.Debug|Any CPU.Build.0 = Debug|Any CPU
		{4C466E9D-5051-43FA-B2EF-99C1F9A0941B}.Release|Any CPU.ActiveCfg = Release|Any CPU
		{4C466E9D-5051-43FA-B2EF-99C1F9A0941B}.Release|Any CPU.Build.0 = Release|Any CPU
	EndGlobalSection
	GlobalSection(SolutionProperties) = preSolution
		HideSolutionNode = FALSE
	EndGlobalSection
	GlobalSection(ExtensibilityGlobals) = postSolution
		SolutionGuid = {4285BB0F-B175-4627-B03A-2AF0A9421349}
	EndGlobalSection
EndGlobal
